// !$*UTF8*$!
{
	archiveVersion = 1;
	classes = {
	};
	objectVersion = 51;
	objects = {

/* Begin PBXBuildFile section */
		05C86C981C7DA8AE48B907B7 /* Pods_Lifting_Up_TextField.framework in Frameworks */ = {isa = PBXBuildFile; fileRef = D827D38011BDCE98F66F1BC6 /* Pods_Lifting_Up_TextField.framework */; };
		383C94E722F3745000F20879 /* AppDelegate.swift in Sources */ = {isa = PBXBuildFile; fileRef = 383C94E622F3745000F20879 /* AppDelegate.swift */; };
		383C94E922F3745000F20879 /* ViewController.swift in Sources */ = {isa = PBXBuildFile; fileRef = 383C94E822F3745000F20879 /* ViewController.swift */; };
		383C94EC22F3745000F20879 /* Main.storyboard in Resources */ = {isa = PBXBuildFile; fileRef = 383C94EA22F3745000F20879 /* Main.storyboard */; };
		383C94EE22F3745100F20879 /* Assets.xcassets in Resources */ = {isa = PBXBuildFile; fileRef = 383C94ED22F3745100F20879 /* Assets.xcassets */; };
		383C94F122F3745100F20879 /* LaunchScreen.storyboard in Resources */ = {isa = PBXBuildFile; fileRef = 383C94EF22F3745100F20879 /* LaunchScreen.storyboard */; };
/* End PBXBuildFile section */

/* Begin PBXFileReference section */
		383C94E322F3745000F20879 /* Lifting Up TextField.app */ = {isa = PBXFileReference; explicitFileType = wrapper.application; includeInIndex = 0; path = "Lifting Up TextField.app"; sourceTree = BUILT_PRODUCTS_DIR; };
		383C94E622F3745000F20879 /* AppDelegate.swift */ = {isa = PBXFileReference; lastKnownFileType = sourcecode.swift; path = AppDelegate.swift; sourceTree = "<group>"; };
		383C94E822F3745000F20879 /* ViewController.swift */ = {isa = PBXFileReference; lastKnownFileType = sourcecode.swift; path = ViewController.swift; sourceTree = "<group>"; };
		383C94EB22F3745000F20879 /* Base */ = {isa = PBXFileReference; lastKnownFileType = file.storyboard; name = Base; path = Base.lproj/Main.storyboard; sourceTree = "<group>"; };
		383C94ED22F3745100F20879 /* Assets.xcassets */ = {isa = PBXFileReference; lastKnownFileType = folder.assetcatalog; path = Assets.xcassets; sourceTree = "<group>"; };
		383C94F022F3745100F20879 /* Base */ = {isa = PBXFileReference; lastKnownFileType = file.storyboard; name = Base; path = Base.lproj/LaunchScreen.storyboard; sourceTree = "<group>"; };
		383C94F222F3745100F20879 /* Info.plist */ = {isa = PBXFileReference; lastKnownFileType = text.plist.xml; path = Info.plist; sourceTree = "<group>"; };
		6A09A15287B909245FE7AC99 /* Pods-Lifting Up TextField.release.xcconfig */ = {isa = PBXFileReference; includeInIndex = 1; lastKnownFileType = text.xcconfig; name = "Pods-Lifting Up TextField.release.xcconfig"; path = "Target Support Files/Pods-Lifting Up TextField/Pods-Lifting Up TextField.release.xcconfig"; sourceTree = "<group>"; };
		D827D38011BDCE98F66F1BC6 /* Pods_Lifting_Up_TextField.framework */ = {isa = PBXFileReference; explicitFileType = wrapper.framework; includeInIndex = 0; path = Pods_Lifting_Up_TextField.framework; sourceTree = BUILT_PRODUCTS_DIR; };
		D82DE7628F6C4584EDE3360D /* Pods-Lifting Up TextField.debug.xcconfig */ = {isa = PBXFileReference; includeInIndex = 1; lastKnownFileType = text.xcconfig; name = "Pods-Lifting Up TextField.debug.xcconfig"; path = "Target Support Files/Pods-Lifting Up TextField/Pods-Lifting Up TextField.debug.xcconfig"; sourceTree = "<group>"; };
/* End PBXFileReference section */

/* Begin PBXFrameworksBuildPhase section */
		383C94E022F3745000F20879 /* Frameworks */ = {
			isa = PBXFrameworksBuildPhase;
			buildActionMask = 2147483647;
			files = (
				05C86C981C7DA8AE48B907B7 /* Pods_Lifting_Up_TextField.framework in Frameworks */,
			);
			runOnlyForDeploymentPostprocessing = 0;
		};
/* End PBXFrameworksBuildPhase section */

/* Begin PBXGroup section */
		22E28764EFDC88653706A312 /* Pods */ = {
			isa = PBXGroup;
			children = (
				D82DE7628F6C4584EDE3360D /* Pods-Lifting Up TextField.debug.xcconfig */,
				6A09A15287B909245FE7AC99 /* Pods-Lifting Up TextField.release.xcconfig */,
			);
			path = Pods;
			sourceTree = "<group>";
		};
		37F95A90A4290340CAA28EC7 /* Frameworks */ = {
			isa = PBXGroup;
			children = (
				D827D38011BDCE98F66F1BC6 /* Pods_Lifting_Up_TextField.framework */,
			);
			name = Frameworks;
			sourceTree = "<group>";
		};
		383C94DA22F3745000F20879 = {
			isa = PBXGroup;
			children = (
				383C94E522F3745000F20879 /* Lifting Up TextField */,
				383C94E422F3745000F20879 /* Products */,
				22E28764EFDC88653706A312 /* Pods */,
				37F95A90A4290340CAA28EC7 /* Frameworks */,
			);
			sourceTree = "<group>";
		};
		383C94E422F3745000F20879 /* Products */ = {
			isa = PBXGroup;
			children = (
				383C94E322F3745000F20879 /* Lifting Up TextField.app */,
			);
			name = Products;
			sourceTree = "<group>";
		};
		383C94E522F3745000F20879 /* Lifting Up TextField */ = {
			isa = PBXGroup;
			children = (
				383C94FA22F3750200F20879 /* Controller */,
				383C94F922F374F900F20879 /* View */,
				383C94F822F374EF00F20879 /* Model */,
				383C94FB22F3751B00F20879 /* Supporting Files */,
			);
			path = "Lifting Up TextField";
			sourceTree = "<group>";
		};
		383C94F822F374EF00F20879 /* Model */ = {
			isa = PBXGroup;
			children = (
			);
			path = Model;
			sourceTree = "<group>";
		};
		383C94F922F374F900F20879 /* View */ = {
			isa = PBXGroup;
			children = (
				383C94EA22F3745000F20879 /* Main.storyboard */,
				383C94ED22F3745100F20879 /* Assets.xcassets */,
			);
			path = View;
			sourceTree = "<group>";
		};
		383C94FA22F3750200F20879 /* Controller */ = {
			isa = PBXGroup;
			children = (
				383C94E622F3745000F20879 /* AppDelegate.swift */,
				383C94E822F3745000F20879 /* ViewController.swift */,
			);
			path = Controller;
			sourceTree = "<group>";
		};
		383C94FB22F3751B00F20879 /* Supporting Files */ = {
			isa = PBXGroup;
			children = (
				383C94EF22F3745100F20879 /* LaunchScreen.storyboard */,
				383C94F222F3745100F20879 /* Info.plist */,
			);
			path = "Supporting Files";
			sourceTree = "<group>";
		};
/* End PBXGroup section */

/* Begin PBXNativeTarget section */
		383C94E222F3745000F20879 /* Lifting Up TextField */ = {
			isa = PBXNativeTarget;
			buildConfigurationList = 383C94F522F3745100F20879 /* Build configuration list for PBXNativeTarget "Lifting Up TextField" */;
			buildPhases = (
				7BA3D84C4BB05B4A826D4A72 /* [CP] Check Pods Manifest.lock */,
				383C94DF22F3745000F20879 /* Sources */,
				383C94E022F3745000F20879 /* Frameworks */,
				383C94E122F3745000F20879 /* Resources */,
				E40DBCA6F04A0EB2D5304EA4 /* [CP] Embed Pods Frameworks */,
			);
			buildRules = (
			);
			dependencies = (
			);
			name = "Lifting Up TextField";
			productName = "Lifting Up TextField";
			productReference = 383C94E322F3745000F20879 /* Lifting Up TextField.app */;
			productType = "com.apple.product-type.application";
		};
/* End PBXNativeTarget section */

/* Begin PBXProject section */
		383C94DB22F3745000F20879 /* Project object */ = {
			isa = PBXProject;
			attributes = {
				LastSwiftUpdateCheck = 1020;
				LastUpgradeCheck = 1020;
				ORGANIZATIONNAME = CDNS;
				TargetAttributes = {
					383C94E222F3745000F20879 = {
						CreatedOnToolsVersion = 10.2;
					};
				};
			};
			buildConfigurationList = 383C94DE22F3745000F20879 /* Build configuration list for PBXProject "Lifting Up TextField" */;
			compatibilityVersion = "Xcode 9.3";
			developmentRegion = en;
			hasScannedForEncodings = 0;
			knownRegions = (
				en,
				Base,
			);
			mainGroup = 383C94DA22F3745000F20879;
			productRefGroup = 383C94E422F3745000F20879 /* Products */;
			projectDirPath = "";
			projectRoot = "";
			targets = (
				383C94E222F3745000F20879 /* Lifting Up TextField */,
			);
		};
/* End PBXProject section */

/* Begin PBXResourcesBuildPhase section */
		383C94E122F3745000F20879 /* Resources */ = {
			isa = PBXResourcesBuildPhase;
			buildActionMask = 2147483647;
			files = (
				383C94F122F3745100F20879 /* LaunchScreen.storyboard in Resources */,
				383C94EE22F3745100F20879 /* Assets.xcassets in Resources */,
				383C94EC22F3745000F20879 /* Main.storyboard in Resources */,
			);
			runOnlyForDeploymentPostprocessing = 0;
		};
/* End PBXResourcesBuildPhase section */

/* Begin PBXShellScriptBuildPhase section */
		7BA3D84C4BB05B4A826D4A72 /* [CP] Check Pods Manifest.lock */ = {
			isa = PBXShellScriptBuildPhase;
			buildActionMask = 2147483647;
			files = (
			);
			inputFileListPaths = (
			);
			inputPaths = (
				"${PODS_PODFILE_DIR_PATH}/Podfile.lock",
				"${PODS_ROOT}/Manifest.lock",
			);
			name = "[CP] Check Pods Manifest.lock";
			outputFileListPaths = (
			);
			outputPaths = (
				"$(DERIVED_FILE_DIR)/Pods-Lifting Up TextField-checkManifestLockResult.txt",
			);
			runOnlyForDeploymentPostprocessing = 0;
			shellPath = /bin/sh;
			shellScript = "diff \"${PODS_PODFILE_DIR_PATH}/Podfile.lock\" \"${PODS_ROOT}/Manifest.lock\" > /dev/null\nif [ $? != 0 ] ; then\n    # print error to STDERR\n    echo \"error: The sandbox is not in sync with the Podfile.lock. Run 'pod install' or update your CocoaPods installation.\" >&2\n    exit 1\nfi\n# This output is used by Xcode 'outputs' to avoid re-running this script phase.\necho \"SUCCESS\" > \"${SCRIPT_OUTPUT_FILE_0}\"\n";
			showEnvVarsInLog = 0;
		};
		E40DBCA6F04A0EB2D5304EA4 /* [CP] Embed Pods Frameworks */ = {
			isa = PBXShellScriptBuildPhase;
			buildActionMask = 2147483647;
			files = (
			);
			inputFileListPaths = (
				"${PODS_ROOT}/Target Support Files/Pods-Lifting Up TextField/Pods-Lifting Up TextField-frameworks-${CONFIGURATION}-input-files.xcfilelist",
			);
			name = "[CP] Embed Pods Frameworks";
			outputFileListPaths = (
				"${PODS_ROOT}/Target Support Files/Pods-Lifting Up TextField/Pods-Lifting Up TextField-frameworks-${CONFIGURATION}-output-files.xcfilelist",
			);
			runOnlyForDeploymentPostprocessing = 0;
			shellPath = /bin/sh;
			shellScript = "\"${PODS_ROOT}/Target Support Files/Pods-Lifting Up TextField/Pods-Lifting Up TextField-frameworks.sh\"\n";
			showEnvVarsInLog = 0;
		};
/* End PBXShellScriptBuildPhase section */

/* Begin PBXSourcesBuildPhase section */
		383C94DF22F3745000F20879 /* Sources */ = {
			isa = PBXSourcesBuildPhase;
			buildActionMask = 2147483647;
			files = (
				383C94E922F3745000F20879 /* ViewController.swift in Sources */,
				383C94E722F3745000F20879 /* AppDelegate.swift in Sources */,
			);
			runOnlyForDeploymentPostprocessing = 0;
		};
/* End PBXSourcesBuildPhase section */

/* Begin PBXVariantGroup section */
		383C94EA22F3745000F20879 /* Main.storyboard */ = {
			isa = PBXVariantGroup;
			children = (
				383C94EB22F3745000F20879 /* Base */,
			);
			name = Main.storyboard;
			sourceTree = "<group>";
		};
		383C94EF22F3745100F20879 /* LaunchScreen.storyboard */ = {
			isa = PBXVariantGroup;
			children = (
				383C94F022F3745100F20879 /* Base */,
			);
			name = LaunchScreen.storyboard;
			sourceTree = "<group>";
		};
/* End PBXVariantGroup section */

/* Begin XCBuildConfiguration section */
		383C94F322F3745100F20879 /* Debug */ = {
			isa = XCBuildConfiguration;
			buildSettings = {
				ALWAYS_SEARCH_USER_PATHS = NO;
				CLANG_ANALYZER_NONNULL = YES;
				CLANG_ANALYZER_NUMBER_OBJECT_CONVERSION = YES_AGGRESSIVE;
				CLANG_CXX_LANGUAGE_STANDARD = "gnu++14";
				CLANG_CXX_LIBRARY = "libc++";
				CLANG_ENABLE_MODULES = YES;
				CLANG_ENABLE_OBJC_ARC = YES;
				CLANG_ENABLE_OBJC_WEAK = YES;
				CLANG_WARN_BLOCK_CAPTURE_AUTORELEASING = YES;
				CLANG_WARN_BOOL_CONVERSION = YES;
				CLANG_WARN_COMMA = YES;
				CLANG_WARN_CONSTANT_CONVERSION = YES;
				CLANG_WARN_DEPRECATED_OBJC_IMPLEMENTATIONS = YES;
				CLANG_WARN_DIRECT_OBJC_ISA_USAGE = YES_ERROR;
				CLANG_WARN_DOCUMENTATION_COMMENTS = YES;
				CLANG_WARN_EMPTY_BODY = YES;
				CLANG_WARN_ENUM_CONVERSION = YES;
				CLANG_WARN_INFINITE_RECURSION = YES;
				CLANG_WARN_INT_CONVERSION = YES;
				CLANG_WARN_NON_LITERAL_NULL_CONVERSION = YES;
				CLANG_WARN_OBJC_IMPLICIT_RETAIN_SELF = YES;
				CLANG_WARN_OBJC_LITERAL_CONVERSION = YES;
				CLANG_WARN_OBJC_ROOT_CLASS = YES_ERROR;
				CLANG_WARN_RANGE_LOOP_ANALYSIS = YES;
				CLANG_WARN_STRICT_PROTOTYPES = YES;
				CLANG_WARN_SUSPICIOUS_MOVE = YES;
				CLANG_WARN_UNGUARDED_AVAILABILITY = YES_AGGRESSIVE;
				CLANG_WARN_UNREACHABLE_CODE = YES;
				CLANG_WARN__DUPLICATE_METHOD_MATCH = YES;
				CODE_SIGN_IDENTITY = "iPhone Developer";
				COPY_PHASE_STRIP = NO;
				DEBUG_INFORMATION_FORMAT = dwarf;
				ENABLE_STRICT_OBJC_MSGSEND = YES;
				ENABLE_TESTABILITY = YES;
				GCC_C_LANGUAGE_STANDARD = gnu11;
				GCC_DYNAMIC_NO_PIC = NO;
				GCC_NO_COMMON_BLOCKS = YES;
				GCC_OPTIMIZATION_LEVEL = 0;
				GCC_PREPROCESSOR_DEFINITIONS = (
					"DEBUG=1",
					"$(inherited)",
				);
				GCC_WARN_64_TO_32_BIT_CONVERSION = YES;
				GCC_WARN_ABOUT_RETURN_TYPE = YES_ERROR;
				GCC_WARN_UNDECLARED_SELECTOR = YES;
				GCC_WARN_UNINITIALIZED_AUTOS = YES_AGGRESSIVE;
				GCC_WARN_UNUSED_FUNCTION = YES;
				GCC_WARN_UNUSED_VARIABLE = YES;
				IPHONEOS_DEPLOYMENT_TARGET = 12.2;
				MTL_ENABLE_DEBUG_INFO = INCLUDE_SOURCE;
				MTL_FAST_MATH = YES;
				ONLY_ACTIVE_ARCH = YES;
				SDKROOT = iphoneos;
				SWIFT_ACTIVE_COMPILATION_CONDITIONS = DEBUG;
				SWIFT_OPTIMIZATION_LEVEL = "-Onone";
			};
			name = Debug;
		};
		383C94F422F3745100F20879 /* Release */ = {
			isa = XCBuildConfiguration;
			buildSettings = {
				ALWAYS_SEARCH_USER_PATHS = NO;
				CLANG_ANALYZER_NONNULL = YES;
				CLANG_ANALYZER_NUMBER_OBJECT_CONVERSION = YES_AGGRESSIVE;
				CLANG_CXX_LANGUAGE_STANDARD = "gnu++14";
				CLANG_CXX_LIBRARY = "libc++";
				CLANG_ENABLE_MODULES = YES;
				CLANG_ENABLE_OBJC_ARC = YES;
				CLANG_ENABLE_OBJC_WEAK = YES;
				CLANG_WARN_BLOCK_CAPTURE_AUTORELEASING = YES;
				CLANG_WARN_BOOL_CONVERSION = YES;
				CLANG_WARN_COMMA = YES;
				CLANG_WARN_CONSTANT_CONVERSION = YES;
				CLANG_WARN_DEPRECATED_OBJC_IMPLEMENTATIONS = YES;
				CLANG_WARN_DIRECT_OBJC_ISA_USAGE = YES_ERROR;
				CLANG_WARN_DOCUMENTATION_COMMENTS = YES;
				CLANG_WARN_EMPTY_BODY = YES;
				CLANG_WARN_ENUM_CONVERSION = YES;
				CLANG_WARN_INFINITE_RECURSION = YES;
				CLANG_WARN_INT_CONVERSION = YES;
				CLANG_WARN_NON_LITERAL_NULL_CONVERSION = YES;
				CLANG_WARN_OBJC_IMPLICIT_RETAIN_SELF = YES;
				CLANG_WARN_OBJC_LITERAL_CONVERSION = YES;
				CLANG_WARN_OBJC_ROOT_CLASS = YES_ERROR;
				CLANG_WARN_RANGE_LOOP_ANALYSIS = YES;
				CLANG_WARN_STRICT_PROTOTYPES = YES;
				CLANG_WARN_SUSPICIOUS_MOVE = YES;
				CLANG_WARN_UNGUARDED_AVAILABILITY = YES_AGGRESSIVE;
				CLANG_WARN_UNREACHABLE_CODE = YES;
				CLANG_WARN__DUPLICATE_METHOD_MATCH = YES;
				CODE_SIGN_IDENTITY = "iPhone Developer";
				COPY_PHASE_STRIP = NO;
				DEBUG_INFORMATION_FORMAT = "dwarf-with-dsym";
				ENABLE_NS_ASSERTIONS = NO;
				ENABLE_STRICT_OBJC_MSGSEND = YES;
				GCC_C_LANGUAGE_STANDARD = gnu11;
				GCC_NO_COMMON_BLOCKS = YES;
				GCC_WARN_64_TO_32_BIT_CONVERSION = YES;
				GCC_WARN_ABOUT_RETURN_TYPE = YES_ERROR;
				GCC_WARN_UNDECLARED_SELECTOR = YES;
				GCC_WARN_UNINITIALIZED_AUTOS = YES_AGGRESSIVE;
				GCC_WARN_UNUSED_FUNCTION = YES;
				GCC_WARN_UNUSED_VARIABLE = YES;
				IPHONEOS_DEPLOYMENT_TARGET = 12.2;
				MTL_ENABLE_DEBUG_INFO = NO;
				MTL_FAST_MATH = YES;
				SDKROOT = iphoneos;
				SWIFT_COMPILATION_MODE = wholemodule;
				SWIFT_OPTIMIZATION_LEVEL = "-O";
				VALIDATE_PRODUCT = YES;
			};
			name = Release;
		};
		383C94F622F3745100F20879 /* Debug */ = {
			isa = XCBuildConfiguration;
			baseConfigurationReference = D82DE7628F6C4584EDE3360D /* Pods-Lifting Up TextField.debug.xcconfig */;
			buildSettings = {
				ASSETCATALOG_COMPILER_APPICON_NAME = AppIcon;
				CODE_SIGN_STYLE = Automatic;
				DEVELOPMENT_TEAM = VQW7YJLLCV;
				INFOPLIST_FILE = "$(SRCROOT)/Lifting Up TextField/Supporting Files/Info.plist";
				LD_RUNPATH_SEARCH_PATHS = (
					"$(inherited)",
					"@executable_path/Frameworks",
				);
				PRODUCT_BUNDLE_IDENTIFIER = "in.co.cdns.Lifting-Up-TextField";
				PRODUCT_NAME = "$(TARGET_NAME)";
				SWIFT_VERSION = 5.0;
				TARGETED_DEVICE_FAMILY = "1,2";
			};
			name = Debug;
		};
		383C94F722F3745100F20879 /* Release */ = {
			isa = XCBuildConfiguration;
			baseConfigurationReference = 6A09A15287B909245FE7AC99 /* Pods-Lifting Up TextField.release.xcconfig */;
			buildSettings = {
				ASSETCATALOG_COMPILER_APPICON_NAME = AppIcon;
				CODE_SIGN_STYLE = Automatic;
				DEVELOPMENT_TEAM = VQW7YJLLCV;
				INFOPLIST_FILE = "$(SRCROOT)/Lifting Up TextField/Supporting Files/Info.plist";
				LD_RUNPATH_SEARCH_PATHS = (
					"$(inherited)",
					"@executable_path/Frameworks",
				);
				PRODUCT_BUNDLE_IDENTIFIER = "in.co.cdns.Lifting-Up-TextField";
				PRODUCT_NAME = "$(TARGET_NAME)";
				SWIFT_VERSION = 5.0;
				TARGETED_DEVICE_FAMILY = "1,2";
			};
			name = Release;
		};
/* End XCBuildConfiguration section */

/* Begin XCConfigurationList section */
		383C94DE22F3745000F20879 /* Build configuration list for PBXProject "Lifting Up TextField" */ = {
			isa = XCConfigurationList;
			buildConfigurations = (
				383C94F322F3745100F20879 /* Debug */,
				383C94F422F3745100F20879 /* Release */,
			);
			defaultConfigurationIsVisible = 0;
			defaultConfigurationName = Release;
		};
		383C94F522F3745100F20879 /* Build configuration list for PBXNativeTarget "Lifting Up TextField" */ = {
			isa = XCConfigurationList;
			buildConfigurations = (
				383C94F622F3745100F20879 /* Debug */,
				383C94F722F3745100F20879 /* Release */,
			);
			defaultConfigurationIsVisible = 0;
			defaultConfigurationName = Release;
		};
/* End XCConfigurationList section */
	};
	rootObject = 383C94DB22F3745000F20879 /* Project object */;
}
